packages:
- local: ../
- git: https://github.com/fivetran/dbt_linkedin_source.git
  revision: d4e440771b8bdf91064616ba0123eb71e5cd0d75
- package: fivetran/fivetran_utils
  version: 0.4.10
- package: dbt-labs/spark_utils
  version: 0.3.0
- package: dbt-labs/dbt_utils
  version: 1.2.0
sha1_hash: d8749f25a8562184ce6344da60ebb678f09e4cd8
